
Microsoft Visual Studio Solution File, Format Version 11.00
# Visual Studio 2010
Project("{FAE04EC0-301F-11D3-BF4B-00C04F79EFBC}") = "EZGrade", "EZGrade\EZGrade.csproj", "{D61D0240-8BA7-40F2-8B07-53F6EB0D52EF}"
EndProject
Global
	GlobalSection(SolutionConfigurationPlatforms) = preSolution
		Debug|Any CPU = Debug|Any CPU
		Release|Any CPU = Release|Any CPU
	EndGlobalSection
	GlobalSection(ProjectConfigurationPlatforms) = postSolution
		{D61D0240-8BA7-40F2-8B07-53F6EB0D52EF}.Debug|Any CPU.ActiveCfg = Debug|Any CPU
		{D61D0240-8BA7-40F2-8B07-53F6EB0D52EF}.Debug|Any CPU.Build.0 = Debug|Any CPU
		{D61D0240-8BA7-40F2-8B07-53F6EB0D52EF}.Debug|Any CPU.Deploy.0 = Debug|Any CPU
		{D61D0240-8BA7-40F2-8B07-53F6EB0D52EF}.Release|Any CPU.ActiveCfg = Release|Any CPU
		{D61D0240-8BA7-40F2-8B07-53F6EB0D52EF}.Release|Any CPU.Build.0 = Release|Any CPU
		{D61D0240-8BA7-40F2-8B07-53F6EB0D52EF}.Release|Any CPU.Deploy.0 = Release|Any CPU
	EndGlobalSection
	GlobalSection(SolutionProperties) = preSolution
		HideSolutionNode = FALSE
	EndGlobalSection
EndGlobal
